<Solution>
  <Folder Name="/src/">
    <Project Path="src/EMovies.Api/EMovies.Api.csproj" />
    <Project Path="src/Modules/Movies/EMovies.Modules.Movies.Contracts/EMovies.Modules.Movies.Contracts.csproj" />
    <Project Path="src/Modules/Movies/EMovies.Modules.Movies/EMovies.Modules.Movies.csproj" />
    <Project Path="src/Modules/Reviews/EMovies.Modules.Reviews/EMovies.Modules.Reviews.csproj" />
  </Folder>
  <Folder Name="/tests/">
    <Project Path="tests/EMovies.Modules.Movies.Tests/EMovies.Modules.Movies.Tests.csproj" />
    <Project Path="tests/EMovies.Modules.Reviews.Tests/EMovies.Modules.Reviews.Tests.csproj" />
  </Folder>
</Solution>
